{
    "_readme": [
        "This file locks the dependencies of your project to a known state",
        "Read more about it at https://getcomposer.org/doc/01-basic-usage.md#installing-dependencies",
        "This file is @generated automatically"
    ],
    "content-hash": "2dd40e1c920483ee93f9a430bd13ef9b",
    "packages": [
        {
            "name": "jsefton/php-dotenv-parser",
            "version": "dev-master",
            "source": {
                "type": "git",
                "url": "https://github.com/jsefton/php-dotenv-parser.git",
                "reference": "3b779413b51cea92a04f1f963b4d3cb05aaac493"
            },
            "dist": {
                "type": "zip",
                "url": "https://api.github.com/repos/jsefton/php-dotenv-parser/zipball/3b779413b51cea92a04f1f963b4d3cb05aaac493",
                "reference": "3b779413b51cea92a04f1f963b4d3cb05aaac493",
                "shasum": ""
            },
            "type": "library",
            "autoload": {
                "psr-4": {
                    "JSefton\\DotEnv\\": "src/"
                }
            },
            "notification-url": "https://packagist.org/downloads/",
            "license": [
                "MIT"
            ],
            "authors": [
                {
                    "name": "Jamie Sefton",
                    "email": "info@jamie-sefton.co.uk"
                }
            ],
            "description": "Allows you get .env file as array and convert array back to .env file",
            "homepage": "https://github.com/jsefton/php-dotenv-parser",
            "keywords": [
                "array-env",
                "dotenv",
                "env",
                "parser",
                "php"
            ],
            "time": "2018-02-28T17:04:16+00:00"
        }
    ],
    "packages-dev": [],
    "aliases": [],
    "minimum-stability": "dev",
    "stability-flags": {
        "jsefton/php-dotenv-parser": 20
    },
    "prefer-stable": false,
    "prefer-lowest": false,
    "platform": [],
    "platform-dev": []
}
